<?xml version="1.0" encoding="utf-8"?>
<Project ToolsVersion="4.0" xmlns="http://schemas.microsoft.com/developer/msbuild/2003">
  <ItemGroup>
    <Filter Include="Resource Files">
      <UniqueIdentifier>{67DA6AB6-F800-4c08-8B7A-83BB121AAD01}</UniqueIdentifier>
      <Extensions>rc;ico;cur;bmp;dlg;rc2;rct;bin;rgs;gif;jpg;jpeg;jpe;resx;tiff;tif;png;wav;mfcribbon-ms</Extensions>
    </Filter>
    <Filter Include="Source">
      <UniqueIdentifier>{4FC737F1-C7A5-4376-A066-2A32D752A2FF}</UniqueIdentifier>
      <Extensions>cpp;c;cc;cxx;def;odl;idl;hpj;bat;asm;asmx</Extensions>
    </Filter>
    <Filter Include="Source\Libraries">
      <UniqueIdentifier>{41198f61-4ebc-4ff4-b750-87706e4902ff}</UniqueIdentifier>
    </Filter>
    <Filter Include="Source\Model Loader">
      <UniqueIdentifier>{1ac2fd66-4b6e-4e99-88c7-71b669c544f5}</UniqueIdentifier>
    </Filter>
    <Filter Include="Source\Collisions">
      <UniqueIdentifier>{81f2f983-2b2d-4ab5-ab36-a5f7ff3b63f8}</UniqueIdentifier>
    </Filter>
    <Filter Include="Source\Shaders">
      <UniqueIdentifier>{5f501348-f3b1-4892-b078-7edf31593f2e}</UniqueIdentifier>
    </Filter>
    <Filter Include="Source\2D Interface">
      <UniqueIdentifier>{ebbf472d-7cd1-46f5-9b19-b164a93f48bc}</UniqueIdentifier>
    </Filter>
    <Filter Include="Source\Utility">
      <UniqueIdentifier>{2dbd68e9-da2d-4787-99df-65bc5be9d60e}</UniqueIdentifier>
    </Filter>
    <Filter Include="Source\Game">
      <UniqueIdentifier>{3e9af873-0ad3-4865-a334-6293867f23cd}</UniqueIdentifier>
    </Filter>
    <Filter Include="Source\Data Structures">
      <UniqueIdentifier>{c44c9938-cb18-4f3c-8663-9e866895975e}</UniqueIdentifier>
    </Filter>
    <Filter Include="Source\Animation">
      <UniqueIdentifier>{8490e679-a7bf-40fe-b496-6a98a89bd1fb}</UniqueIdentifier>
    </Filter>
    <Filter Include="Source\FrameBuffer">
      <UniqueIdentifier>{7abaf623-762f-458d-b4b7-06b4fd5909a3}</UniqueIdentifier>
    </Filter>
    <Filter Include="Source\Effects">
      <UniqueIdentifier>{1d51c807-1183-48c3-8815-d335de6629a8}</UniqueIdentifier>
    </Filter>
    <Filter Include="Source\Lua">
      <UniqueIdentifier>{77c08998-329c-4689-b3e9-4ee53805db73}</UniqueIdentifier>
    </Filter>
    <Filter Include="Source\Lua\Scripts">
      <UniqueIdentifier>{93e72492-6193-488f-a5a3-d9af2f8b5669}</UniqueIdentifier>
    </Filter>
    <Filter Include="Source\Lua\APIs">
      <UniqueIdentifier>{276ace99-e88b-47ca-b4f0-b7ff8d4534cf}</UniqueIdentifier>
    </Filter>
    <Filter Include="Source\Lights">
      <UniqueIdentifier>{3c1fc56b-3d9f-4b3d-b38d-7b38e6df0f77}</UniqueIdentifier>
    </Filter>
    <Filter Include="Source\Managers">
      <UniqueIdentifier>{9224ca2e-3e4f-41c5-84bc-80ee0ab539f6}</UniqueIdentifier>
    </Filter>
    <Filter Include="Source\Interfaces">
      <UniqueIdentifier>{883bda9f-ae66-4f5b-a10b-865612a5c250}</UniqueIdentifier>
    </Filter>
    <Filter Include="Source\Terrain">
      <UniqueIdentifier>{03795911-2baa-4ecd-86d9-dfce942febe8}</UniqueIdentifier>
    </Filter>
    <Filter Include="Source\OBJWritter">
      <UniqueIdentifier>{f373ce18-9ba8-4482-b156-10f7516e47cc}</UniqueIdentifier>
    </Filter>
  </ItemGroup>
  <ItemGroup>
    <ClCompile Include="main.cpp">
      <Filter>Source</Filter>
    </ClCompile>
    <ClCompile Include="ModelLibrary.cpp">
      <Filter>Source\Libraries</Filter>
    </ClCompile>
    <ClCompile Include="ShaderLibrary.cpp">
      <Filter>Source\Libraries</Filter>
    </ClCompile>
    <ClCompile Include="InputManager.cpp">
      <Filter>Source\Managers</Filter>
    </ClCompile>
    <ClCompile Include="SoundManager.cpp">
      <Filter>Source\Managers</Filter>
    </ClCompile>
    <ClCompile Include="ObjectInstance.cpp">
      <Filter>Source\Model Loader</Filter>
    </ClCompile>
    <ClCompile Include="PrimitiveCollisions.cpp">
      <Filter>Source\Collisions</Filter>
    </ClCompile>
    <ClCompile Include="Interface2D.cpp">
      <Filter>Source\2D Interface</Filter>
    </ClCompile>
    <ClCompile Include="Screen.cpp">
      <Filter>Source\Utility</Filter>
    </ClCompile>
    <ClCompile Include="Utility.cpp">
      <Filter>Source\Utility</Filter>
    </ClCompile>
    <ClCompile Include="Shader.cpp">
      <Filter>Source\Libraries</Filter>
    </ClCompile>
    <ClCompile Include="Agent.cpp">
      <Filter>Source\Game</Filter>
    </ClCompile>
    <ClCompile Include="ExampleScene.cpp">
      <Filter>Source\Game</Filter>
    </ClCompile>
    <ClCompile Include="MCamera.cpp">
      <Filter>Source\Game</Filter>
    </ClCompile>
    <ClCompile Include="TextureLibrary.cpp">
      <Filter>Source\Libraries</Filter>
    </ClCompile>
    <ClCompile Include="Texture.cpp">
      <Filter>Source\Libraries</Filter>
    </ClCompile>
    <ClCompile Include="Skeleton.cpp">
      <Filter>Source\Animation</Filter>
    </ClCompile>
    <ClCompile Include="BoneKeySequence.cpp">
      <Filter>Source\Animation</Filter>
    </ClCompile>
    <ClCompile Include="AssimpToGLM.cpp">
      <Filter>Source\Animation</Filter>
    </ClCompile>
    <ClCompile Include="Animation.cpp">
      <Filter>Source\Animation</Filter>
    </ClCompile>
    <ClCompile Include="Material.cpp">
      <Filter>Source\Model Loader</Filter>
    </ClCompile>
    <ClCompile Include="Mesh.cpp">
      <Filter>Source\Model Loader</Filter>
    </ClCompile>
    <ClCompile Include="Model.cpp">
      <Filter>Source\Model Loader</Filter>
    </ClCompile>
    <ClCompile Include="RenderableObject.cpp">
      <Filter>Source\Model Loader</Filter>
    </ClCompile>
    <ClCompile Include="FrameBuffer.cpp">
      <Filter>Source\FrameBuffer</Filter>
    </ClCompile>
    <ClCompile Include="AdditiveBlendEffect.cpp">
      <Filter>Source\Effects</Filter>
    </ClCompile>
    <ClCompile Include="BloomEffect.cpp">
      <Filter>Source\Effects</Filter>
    </ClCompile>
    <ClCompile Include="BlurEffect.cpp">
      <Filter>Source\Effects</Filter>
    </ClCompile>
    <ClCompile Include="FXAAEffect.cpp">
      <Filter>Source\Effects</Filter>
    </ClCompile>
    <ClCompile Include="HDRSplitEffect.cpp">
      <Filter>Source\Effects</Filter>
    </ClCompile>
    <ClCompile Include="SceneDecomposeEffect.cpp">
      <Filter>Source\Effects</Filter>
    </ClCompile>
    <ClCompile Include="LuaManager.cpp">
      <Filter>Source\Lua</Filter>
    </ClCompile>
    <ClCompile Include="LuaContext.cpp">
      <Filter>Source\Lua</Filter>
    </ClCompile>
    <ClCompile Include="PrintAPI.cpp">
      <Filter>Source\Lua\APIs</Filter>
    </ClCompile>
    <ClCompile Include="DepthThresholdEffect.cpp">
      <Filter>Source\Effects</Filter>
    </ClCompile>
    <ClCompile Include="GodRaysEffect.cpp">
      <Filter>Source\Effects</Filter>
    </ClCompile>
    <ClCompile Include="RayEffect.cpp">
      <Filter>Source\Effects</Filter>
    </ClCompile>
    <ClCompile Include="AffineTransformable.cpp">
      <Filter>Source\Interfaces</Filter>
    </ClCompile>
    <ClCompile Include="Animatable.cpp">
      <Filter>Source\Interfaces</Filter>
    </ClCompile>
    <ClCompile Include="IMesh.cpp">
      <Filter>Source\Interfaces</Filter>
    </ClCompile>
    <ClCompile Include="IMeshCollection.cpp">
      <Filter>Source\Interfaces</Filter>
    </ClCompile>
    <ClCompile Include="IAnimatedRenderable.cpp">
      <Filter>Source\Interfaces</Filter>
    </ClCompile>
    <ClCompile Include="DirectionalLightingEffect.cpp">
      <Filter>Source\Effects</Filter>
    </ClCompile>
    <ClCompile Include="MultiplicativeBlendEffect.cpp">
      <Filter>Source\Effects</Filter>
    </ClCompile>
    <ClCompile Include="HeightMap.cpp">
      <Filter>Source\Terrain</Filter>
    </ClCompile>
    <ClCompile Include="Terrain.cpp">
      <Filter>Source\Terrain</Filter>
    </ClCompile>
  </ItemGroup>
  <ItemGroup>
    <ClInclude Include="ModelLibrary.h">
      <Filter>Source\Libraries</Filter>
    </ClInclude>
    <ClInclude Include="ShaderLibrary.h">
      <Filter>Source\Libraries</Filter>
    </ClInclude>
    <ClInclude Include="InputManager.h">
      <Filter>Source\Managers</Filter>
    </ClInclude>
    <ClInclude Include="SoundManager.h">
      <Filter>Source\Managers</Filter>
    </ClInclude>
    <ClInclude Include="ObjectInstance.h">
      <Filter>Source\Model Loader</Filter>
    </ClInclude>
    <ClInclude Include="GeometricPrimitives.h">
      <Filter>Source\Collisions</Filter>
    </ClInclude>
    <ClInclude Include="PrimitiveCollisions.h">
      <Filter>Source\Collisions</Filter>
    </ClInclude>
    <ClInclude Include="Interface2D.h">
      <Filter>Source\2D Interface</Filter>
    </ClInclude>
    <ClInclude Include="Types.h">
      <Filter>Source\Utility</Filter>
    </ClInclude>
    <ClInclude Include="Utility.h">
      <Filter>Source\Utility</Filter>
    </ClInclude>
    <ClInclude Include="Screen.h">
      <Filter>Source\Utility</Filter>
    </ClInclude>
    <ClInclude Include="Shader.h">
      <Filter>Source\Libraries</Filter>
    </ClInclude>
    <ClInclude Include="Agent.h">
      <Filter>Source\Game</Filter>
    </ClInclude>
    <ClInclude Include="ExampleScene.h">
      <Filter>Source\Game</Filter>
    </ClInclude>
    <ClInclude Include="Scene.h">
      <Filter>Source\Game</Filter>
    </ClInclude>
    <ClInclude Include="MCamera.h">
      <Filter>Source\Game</Filter>
    </ClInclude>
    <ClInclude Include="TextureLibrary.h">
      <Filter>Source\Libraries</Filter>
    </ClInclude>
    <ClInclude Include="Texture.h">
      <Filter>Source\Libraries</Filter>
    </ClInclude>
    <ClInclude Include="MMath.h">
      <Filter>Source\Utility</Filter>
    </ClInclude>
    <ClInclude Include="Singleton.h">
      <Filter>Source\Data Structures</Filter>
    </ClInclude>
    <ClInclude Include="Material.h">
      <Filter>Source\Model Loader</Filter>
    </ClInclude>
    <ClInclude Include="Skeleton.h">
      <Filter>Source\Animation</Filter>
    </ClInclude>
    <ClInclude Include="BoneKeySequence.h">
      <Filter>Source\Animation</Filter>
    </ClInclude>
    <ClInclude Include="AssimpToGLM.h">
      <Filter>Source\Animation</Filter>
    </ClInclude>
    <ClInclude Include="Animation.h">
      <Filter>Source\Animation</Filter>
    </ClInclude>
    <ClInclude Include="Bimap.h">
      <Filter>Source\Data Structures</Filter>
    </ClInclude>
    <ClInclude Include="Model.h">
      <Filter>Source\Model Loader</Filter>
    </ClInclude>
    <ClInclude Include="RenderableObject.h">
      <Filter>Source\Model Loader</Filter>
    </ClInclude>
    <ClInclude Include="FrameBuffer.h">
      <Filter>Source\FrameBuffer</Filter>
    </ClInclude>
    <ClInclude Include="Mesh.h" />
    <ClInclude Include="Mesh.h" />
    <ClInclude Include="Mesh.h" />
    <ClInclude Include="Mesh.h" />
    <ClInclude Include="Mesh.h" />
    <ClInclude Include="Mesh.h" />
    <ClInclude Include="BlurEffect.h">
      <Filter>Source\Effects</Filter>
    </ClInclude>
    <ClInclude Include="Mesh.h" />
    <ClInclude Include="HDRSplitEffect.h">
      <Filter>Source\Effects</Filter>
    </ClInclude>
    <ClInclude Include="AdditiveBlendEffect.h">
      <Filter>Source\Effects</Filter>
    </ClInclude>
    <ClInclude Include="BloomEffect.h">
      <Filter>Source\Effects</Filter>
    </ClInclude>
    <ClInclude Include="FXAAEffect.h">
      <Filter>Source\Effects</Filter>
    </ClInclude>
    <ClInclude Include="Mesh.h">
      <Filter>Source\Model Loader</Filter>
    </ClInclude>
    <ClInclude Include="SceneDecomposeEffect.h">
      <Filter>Source\Effects</Filter>
    </ClInclude>
    <ClInclude Include="Mesh.h" />
    <ClInclude Include="Mesh.h" />
    <ClInclude Include="Mesh.h">
      <Filter>Source\Model Loader</Filter>
    </ClInclude>
    <ClInclude Include="LuaManager.h">
      <Filter>Source\Lua</Filter>
    </ClInclude>
    <ClInclude Include="LuaContext.h">
      <Filter>Source\Lua</Filter>
    </ClInclude>
    <ClInclude Include="LuaAPI.h">
      <Filter>Source\Lua\APIs</Filter>
    </ClInclude>
    <ClInclude Include="PrintAPI.h">
      <Filter>Source\Lua\APIs</Filter>
    </ClInclude>
    <ClInclude Include="Mesh.h">
      <Filter>Source\Model Loader</Filter>
    </ClInclude>
    <ClInclude Include="Light.h">
      <Filter>Source\Lights</Filter>
    </ClInclude>
    <ClInclude Include="DepthThresholdEffect.h">
      <Filter>Source\Effects</Filter>
    </ClInclude>
    <ClInclude Include="GodRaysEffect.h">
      <Filter>Source\Effects</Filter>
    </ClInclude>
    <ClInclude Include="RayEffect.h">
      <Filter>Source\Effects</Filter>
    </ClInclude>
    <ClInclude Include="IAnimatable.h">
      <Filter>Source\Interfaces</Filter>
    </ClInclude>
    <ClInclude Include="IAnimated.h">
      <Filter>Source\Interfaces</Filter>
    </ClInclude>
    <ClInclude Include="IRenderable.h">
      <Filter>Source\Interfaces</Filter>
    </ClInclude>
    <ClInclude Include="IMesh.h">
      <Filter>Source\Interfaces</Filter>
    </ClInclude>
    <ClInclude Include="IMeshCollection.h">
      <Filter>Source\Interfaces</Filter>
    </ClInclude>
    <ClInclude Include="AffineTransformable.h">
      <Filter>Source\Interfaces</Filter>
    </ClInclude>
    <ClInclude Include="Mesh.h">
      <Filter>Source\Model Loader</Filter>
    </ClInclude>
    <ClInclude Include="IAnimatedRenderable.h">
      <Filter>Source\Interfaces</Filter>
    </ClInclude>
    <ClInclude Include="HeightMap.h">
      <Filter>Source\Terrain</Filter>
    </ClInclude>
    <ClInclude Include="Terrain.h">
      <Filter>Source\Terrain</Filter>
    </ClInclude>
    <ClInclude Include="OBJWriter.h">
      <Filter>Source\OBJWritter</Filter>
    </ClInclude>
    <ClInclude Include="MultiplicativeBlendEffect.h">
      <Filter>Source\Effects</Filter>
    </ClInclude>
    <ClInclude Include="DirectionalLightingEffect.h">
      <Filter>Source\Effects</Filter>
    </ClInclude>
  </ItemGroup>
  <ItemGroup>
    <None Include="defaultShader.frag">
      <Filter>Source\Shaders</Filter>
    </None>
    <None Include="defaultShader.vert">
      <Filter>Source\Shaders</Filter>
    </None>
    <None Include="orthoShader.frag">
      <Filter>Source\Shaders</Filter>
    </None>
    <None Include="orthoShader.vert">
      <Filter>Source\Shaders</Filter>
    </None>
    <None Include="textured.frag">
      <Filter>Source\Shaders</Filter>
    </None>
    <None Include="textured.vert">
      <Filter>Source\Shaders</Filter>
    </None>
    <None Include="uberShader.frag">
      <Filter>Source\Shaders</Filter>
    </None>
    <None Include="uberShader.vert">
      <Filter>Source\Shaders</Filter>
    </None>
    <None Include="HDRSplitEffect.frag">
      <Filter>Source\Shaders</Filter>
    </None>
    <None Include="HDRSplitEffect.vert">
      <Filter>Source\Shaders</Filter>
    </None>
    <None Include="TextureDisplay.frag">
      <Filter>Source\Shaders</Filter>
    </None>
    <None Include="TextureDisplay.vert">
      <Filter>Source\Shaders</Filter>
    </None>
    <None Include="BlurEffect.frag">
      <Filter>Source\Shaders</Filter>
    </None>
    <None Include="BlurEffect.vert">
      <Filter>Source\Shaders</Filter>
    </None>
    <None Include="AdditiveBlendEffect.frag">
      <Filter>Source\Shaders</Filter>
    </None>
    <None Include="AdditiveBlendEffect.vert">
      <Filter>Source\Shaders</Filter>
    </None>
    <None Include="FXAAEffect.frag">
      <Filter>Source\Shaders</Filter>
    </None>
    <None Include="FXAAEffect.vert">
      <Filter>Source\Shaders</Filter>
    </None>
    <None Include="SceneDecomposeEffect.frag">
      <Filter>Source\Shaders</Filter>
    </None>
    <None Include="SceneDecomposeEffect.vert">
      <Filter>Source\Shaders</Filter>
    </None>
    <None Include="Game.lua">
      <Filter>Source\Lua\Scripts</Filter>
    </None>
    <None Include="DepthThresholdEffect.frag">
      <Filter>Source\Shaders</Filter>
    </None>
    <None Include="DepthThresholdEffect.vert">
      <Filter>Source\Shaders</Filter>
    </None>
    <None Include="RayEffect.vert">
      <Filter>Source\Shaders</Filter>
    </None>
    <None Include="RayEffect.frag">
      <Filter>Source\Shaders</Filter>
    </None>
    <None Include="MultiplicativeBlendEffect.frag">
      <Filter>Source\Shaders</Filter>
    </None>
    <None Include="MultiplicativeBlendEffect.vert">
      <Filter>Source\Shaders</Filter>
    </None>
    <None Include="DirectionalLightingEffect.frag">
      <Filter>Source\Shaders</Filter>
    </None>
    <None Include="DirectionalLightingEffect.vert">
      <Filter>Source\Shaders</Filter>
    </None>
  </ItemGroup>
</Project>