<?xml version="1.0" encoding="utf-8"?>
<Project ToolsVersion="4.0" xmlns="http://schemas.microsoft.com/developer/msbuild/2003">
  <ItemGroup>
    <Filter Include="Resource Files">
      <UniqueIdentifier>{67DA6AB6-F800-4c08-8B7A-83BB121AAD01}</UniqueIdentifier>
      <Extensions>rc;ico;cur;bmp;dlg;rc2;rct;bin;rgs;gif;jpg;jpeg;jpe;resx;tiff;tif;png;wav;mfcribbon-ms</Extensions>
    </Filter>
    <Filter Include="Source">
      <UniqueIdentifier>{4FC737F1-C7A5-4376-A066-2A32D752A2FF}</UniqueIdentifier>
      <Extensions>cpp;c;cc;cxx;def;odl;idl;hpj;bat;asm;asmx</Extensions>
    </Filter>
    <Filter Include="Source\Libraries">
      <UniqueIdentifier>{41198f61-4ebc-4ff4-b750-87706e4902ff}</UniqueIdentifier>
    </Filter>
    <Filter Include="Source\Managers">
      <UniqueIdentifier>{9224ca2e-3e4f-41c5-84bc-80ee0ab539f6}</UniqueIdentifier>
    </Filter>
    <Filter Include="Source\Model Loader">
      <UniqueIdentifier>{1ac2fd66-4b6e-4e99-88c7-71b669c544f5}</UniqueIdentifier>
    </Filter>
    <Filter Include="Source\Collisions">
      <UniqueIdentifier>{81f2f983-2b2d-4ab5-ab36-a5f7ff3b63f8}</UniqueIdentifier>
    </Filter>
    <Filter Include="Source\Shaders">
      <UniqueIdentifier>{5f501348-f3b1-4892-b078-7edf31593f2e}</UniqueIdentifier>
    </Filter>
    <Filter Include="Source\2D Interface">
      <UniqueIdentifier>{ebbf472d-7cd1-46f5-9b19-b164a93f48bc}</UniqueIdentifier>
    </Filter>
    <Filter Include="Source\Utility">
      <UniqueIdentifier>{2dbd68e9-da2d-4787-99df-65bc5be9d60e}</UniqueIdentifier>
    </Filter>
    <Filter Include="Source\Game">
      <UniqueIdentifier>{3e9af873-0ad3-4865-a334-6293867f23cd}</UniqueIdentifier>
    </Filter>
    <Filter Include="Source\SceneGraph">
      <UniqueIdentifier>{18741e4f-99e0-459d-b39f-c4ec1692d2bf}</UniqueIdentifier>
    </Filter>
    <Filter Include="Source\SceneGraph\Nodes">
      <UniqueIdentifier>{9779967f-79f9-45bf-9a91-2920f0f0a482}</UniqueIdentifier>
    </Filter>
    <Filter Include="Source\Data Structures">
      <UniqueIdentifier>{c44c9938-cb18-4f3c-8663-9e866895975e}</UniqueIdentifier>
    </Filter>
    <Filter Include="Source\Terrain">
      <UniqueIdentifier>{2514f3fa-5b22-45fc-ad1a-060060c817b4}</UniqueIdentifier>
    </Filter>
  </ItemGroup>
  <ItemGroup>
    <ClCompile Include="main.cpp">
      <Filter>Source</Filter>
    </ClCompile>
    <ClCompile Include="ModelLibrary.cpp">
      <Filter>Source\Libraries</Filter>
    </ClCompile>
    <ClCompile Include="ShaderLibrary.cpp">
      <Filter>Source\Libraries</Filter>
    </ClCompile>
    <ClCompile Include="InputManager.cpp">
      <Filter>Source\Managers</Filter>
    </ClCompile>
    <ClCompile Include="SoundManager.cpp">
      <Filter>Source\Managers</Filter>
    </ClCompile>
    <ClCompile Include="Loader.cpp">
      <Filter>Source\Model Loader</Filter>
    </ClCompile>
    <ClCompile Include="Model.cpp">
      <Filter>Source\Model Loader</Filter>
    </ClCompile>
    <ClCompile Include="ObjectInstance.cpp">
      <Filter>Source\Model Loader</Filter>
    </ClCompile>
    <ClCompile Include="RenderableObject.cpp">
      <Filter>Source\Model Loader</Filter>
    </ClCompile>
    <ClCompile Include="PrimitiveCollisions.cpp">
      <Filter>Source\Collisions</Filter>
    </ClCompile>
    <ClCompile Include="Interface2D.cpp">
      <Filter>Source\2D Interface</Filter>
    </ClCompile>
    <ClCompile Include="Screen.cpp">
      <Filter>Source\Utility</Filter>
    </ClCompile>
    <ClCompile Include="Utility.cpp">
      <Filter>Source\Utility</Filter>
    </ClCompile>
    <ClCompile Include="Shader.cpp">
      <Filter>Source\Libraries</Filter>
    </ClCompile>
    <ClCompile Include="Agent.cpp">
      <Filter>Source\Game</Filter>
    </ClCompile>
    <ClCompile Include="ExampleScene.cpp">
      <Filter>Source\Game</Filter>
    </ClCompile>
    <ClCompile Include="TextureNode.cpp">
      <Filter>Source\SceneGraph\Nodes</Filter>
    </ClCompile>
    <ClCompile Include="Node.cpp">
      <Filter>Source\SceneGraph\Nodes</Filter>
    </ClCompile>
    <ClCompile Include="ModelNode.cpp">
      <Filter>Source\SceneGraph\Nodes</Filter>
    </ClCompile>
    <ClCompile Include="MeshNode.cpp">
      <Filter>Source\SceneGraph\Nodes</Filter>
    </ClCompile>
    <ClCompile Include="GroupNode.cpp">
      <Filter>Source\SceneGraph\Nodes</Filter>
    </ClCompile>
    <ClCompile Include="BasicTextureNode.cpp">
      <Filter>Source\SceneGraph\Nodes</Filter>
    </ClCompile>
    <ClCompile Include="BasicMeshNode.cpp">
      <Filter>Source\SceneGraph\Nodes</Filter>
    </ClCompile>
    <ClCompile Include="UberShader.cpp">
      <Filter>Source\Data Structures</Filter>
    </ClCompile>
    <ClCompile Include="SceneGraph.cpp">
      <Filter>Source\SceneGraph</Filter>
    </ClCompile>
    <ClCompile Include="MCamera.cpp">
      <Filter>Source\Game</Filter>
    </ClCompile>
    <ClCompile Include="TextureLibrary.cpp">
      <Filter>Source\Libraries</Filter>
    </ClCompile>
    <ClCompile Include="Texture.cpp">
      <Filter>Source\Libraries</Filter>
    </ClCompile>
    <ClCompile Include="MeshLibrary.cpp">
      <Filter>Source\Libraries</Filter>
    </ClCompile>
    <ClCompile Include="MeshGenerator.cpp">
      <Filter>Source\SceneGraph</Filter>
    </ClCompile>
    <ClCompile Include="UniformStack.cpp">
      <Filter>Source\SceneGraph</Filter>
    </ClCompile>
    <ClCompile Include="HeightMap.cpp">
      <Filter>Source\SceneGraph</Filter>
    </ClCompile>
  </ItemGroup>
  <ItemGroup>
    <ClInclude Include="ModelLibrary.h">
      <Filter>Source\Libraries</Filter>
    </ClInclude>
    <ClInclude Include="ShaderLibrary.h">
      <Filter>Source\Libraries</Filter>
    </ClInclude>
    <ClInclude Include="InputManager.h">
      <Filter>Source\Managers</Filter>
    </ClInclude>
    <ClInclude Include="SoundManager.h">
      <Filter>Source\Managers</Filter>
    </ClInclude>
    <ClInclude Include="Loader.h">
      <Filter>Source\Model Loader</Filter>
    </ClInclude>
    <ClInclude Include="Model.h">
      <Filter>Source\Model Loader</Filter>
    </ClInclude>
    <ClInclude Include="ObjectInstance.h">
      <Filter>Source\Model Loader</Filter>
    </ClInclude>
    <ClInclude Include="RenderableObject.h">
      <Filter>Source\Model Loader</Filter>
    </ClInclude>
    <ClInclude Include="GeometricPrimitives.h">
      <Filter>Source\Collisions</Filter>
    </ClInclude>
    <ClInclude Include="PrimitiveCollisions.h">
      <Filter>Source\Collisions</Filter>
    </ClInclude>
    <ClInclude Include="Interface2D.h">
      <Filter>Source\2D Interface</Filter>
    </ClInclude>
    <ClInclude Include="Types.h">
      <Filter>Source\Utility</Filter>
    </ClInclude>
    <ClInclude Include="Utility.h">
      <Filter>Source\Utility</Filter>
    </ClInclude>
    <ClInclude Include="Screen.h">
      <Filter>Source\Utility</Filter>
    </ClInclude>
    <ClInclude Include="Shader.h">
      <Filter>Source\Libraries</Filter>
    </ClInclude>
    <ClInclude Include="Agent.h">
      <Filter>Source\Game</Filter>
    </ClInclude>
    <ClInclude Include="ExampleScene.h">
      <Filter>Source\Game</Filter>
    </ClInclude>
    <ClInclude Include="Scene.h">
      <Filter>Source\Game</Filter>
    </ClInclude>
    <ClInclude Include="SceneGraph.h">
      <Filter>Source\SceneGraph</Filter>
    </ClInclude>
    <ClInclude Include="UniformNode.h">
      <Filter>Source\SceneGraph\Nodes</Filter>
    </ClInclude>
    <ClInclude Include="TextureNode.h">
      <Filter>Source\SceneGraph\Nodes</Filter>
    </ClInclude>
    <ClInclude Include="Node.h">
      <Filter>Source\SceneGraph\Nodes</Filter>
    </ClInclude>
    <ClInclude Include="ModelNode.h">
      <Filter>Source\SceneGraph\Nodes</Filter>
    </ClInclude>
    <ClInclude Include="MeshNode.h">
      <Filter>Source\SceneGraph\Nodes</Filter>
    </ClInclude>
    <ClInclude Include="MatrixNode.h">
      <Filter>Source\SceneGraph\Nodes</Filter>
    </ClInclude>
    <ClInclude Include="GroupNode.h">
      <Filter>Source\SceneGraph\Nodes</Filter>
    </ClInclude>
    <ClInclude Include="BasicTextureNode.h">
      <Filter>Source\SceneGraph\Nodes</Filter>
    </ClInclude>
    <ClInclude Include="BasicMeshNode.h">
      <Filter>Source\SceneGraph\Nodes</Filter>
    </ClInclude>
    <ClInclude Include="UberShader.h">
      <Filter>Source\Data Structures</Filter>
    </ClInclude>
    <ClInclude Include="MCamera.h">
      <Filter>Source\Game</Filter>
    </ClInclude>
    <ClInclude Include="TextureLibrary.h">
      <Filter>Source\Libraries</Filter>
    </ClInclude>
    <ClInclude Include="Texture.h">
      <Filter>Source\Libraries</Filter>
    </ClInclude>
    <ClInclude Include="MeshLibrary.h">
      <Filter>Source\Libraries</Filter>
    </ClInclude>
    <ClInclude Include="Mesh.h">
      <Filter>Source\Libraries</Filter>
    </ClInclude>
    <ClInclude Include="HeightMap.h">
      <Filter>Source\Terrain</Filter>
    </ClInclude>
    <ClInclude Include="MMath.h">
      <Filter>Source\Utility</Filter>
    </ClInclude>
    <ClInclude Include="MeshGenerator.h">
      <Filter>Source\Terrain</Filter>
    </ClInclude>
    <ClInclude Include="UniformStack.h">
      <Filter>Source\Data Structures</Filter>
    </ClInclude>
    <ClInclude Include="Singleton.h">
      <Filter>Source\Data Structures</Filter>
    </ClInclude>
  </ItemGroup>
  <ItemGroup>
    <None Include="defaultShader.frag">
      <Filter>Source\Shaders</Filter>
    </None>
    <None Include="defaultShader.vert">
      <Filter>Source\Shaders</Filter>
    </None>
    <None Include="orthoShader.frag">
      <Filter>Source\Shaders</Filter>
    </None>
    <None Include="orthoShader.vert">
      <Filter>Source\Shaders</Filter>
    </None>
    <None Include="textured.frag">
      <Filter>Source\Shaders</Filter>
    </None>
    <None Include="textured.vert">
      <Filter>Source\Shaders</Filter>
    </None>
    <None Include="uberShader.frag">
      <Filter>Source\Shaders</Filter>
    </None>
    <None Include="uberShader.vert">
      <Filter>Source\Shaders</Filter>
    </None>
  </ItemGroup>
</Project>